
Microsoft Visual Studio Solution File, Format Version 12.00
# Visual Studio Version 16
VisualStudioVersion = 16.0.31829.152
MinimumVisualStudioVersion = 10.0.40219.1
Project("{FAE04EC0-301F-11D3-BF4B-00C04F79EFBC}") = "WPFSample", "WPFSample\WPFSample.csproj", "{6029BF50-33A4-4206-93D2-216D9B47539B}"
EndProject
Project("{8BC9CEB8-8B4A-11D0-8D11-00A0C91BC942}") = "MFCApp", "MFCApp\MFCApp.vcxproj", "{1EFE39CF-22ED-41B3-B6E8-97B4CC78583A}"
EndProject
Project("{8BC9CEB8-8B4A-11D0-8D11-00A0C91BC942}") = "ComponentLib", "ComponentLib\ComponentLib.vcxproj", "{582D90E7-A814-4E59-AF60-ABC8F210933C}"
EndProject
Global
	GlobalSection(SolutionConfigurationPlatforms) = preSolution
		Debug|Any CPU = Debug|Any CPU
		Debug|x64 = Debug|x64
		Debug|x86 = Debug|x86
		Release|Any CPU = Release|Any CPU
		Release|x64 = Release|x64
		Release|x86 = Release|x86
	EndGlobalSection
	GlobalSection(ProjectConfigurationPlatforms) = postSolution
		{6029BF50-33A4-4206-93D2-216D9B47539B}.Debug|Any CPU.ActiveCfg = Debug|Any CPU
		{6029BF50-33A4-4206-93D2-216D9B47539B}.Debug|Any CPU.Build.0 = Debug|Any CPU
		{6029BF50-33A4-4206-93D2-216D9B47539B}.Debug|x64.ActiveCfg = Debug|Any CPU
		{6029BF50-33A4-4206-93D2-216D9B47539B}.Debug|x64.Build.0 = Debug|Any CPU
		{6029BF50-33A4-4206-93D2-216D9B47539B}.Debug|x86.ActiveCfg = Debug|Any CPU
		{6029BF50-33A4-4206-93D2-216D9B47539B}.Debug|x86.Build.0 = Debug|Any CPU
		{6029BF50-33A4-4206-93D2-216D9B47539B}.Release|Any CPU.ActiveCfg = Release|Any CPU
		{6029BF50-33A4-4206-93D2-216D9B47539B}.Release|Any CPU.Build.0 = Release|Any CPU
		{6029BF50-33A4-4206-93D2-216D9B47539B}.Release|x64.ActiveCfg = Release|Any CPU
		{6029BF50-33A4-4206-93D2-216D9B47539B}.Release|x64.Build.0 = Release|Any CPU
		{6029BF50-33A4-4206-93D2-216D9B47539B}.Release|x86.ActiveCfg = Release|Any CPU
		{6029BF50-33A4-4206-93D2-216D9B47539B}.Release|x86.Build.0 = Release|Any CPU
		{1EFE39CF-22ED-41B3-B6E8-97B4CC78583A}.Debug|Any CPU.ActiveCfg = Debug|Win32
		{1EFE39CF-22ED-41B3-B6E8-97B4CC78583A}.Debug|x64.ActiveCfg = Debug|x64
		{1EFE39CF-22ED-41B3-B6E8-97B4CC78583A}.Debug|x64.Build.0 = Debug|x64
		{1EFE39CF-22ED-41B3-B6E8-97B4CC78583A}.Debug|x86.ActiveCfg = Debug|Win32
		{1EFE39CF-22ED-41B3-B6E8-97B4CC78583A}.Debug|x86.Build.0 = Debug|Win32
		{1EFE39CF-22ED-41B3-B6E8-97B4CC78583A}.Release|Any CPU.ActiveCfg = Release|Win32
		{1EFE39CF-22ED-41B3-B6E8-97B4CC78583A}.Release|x64.ActiveCfg = Release|x64
		{1EFE39CF-22ED-41B3-B6E8-97B4CC78583A}.Release|x64.Build.0 = Release|x64
		{1EFE39CF-22ED-41B3-B6E8-97B4CC78583A}.Release|x86.ActiveCfg = Release|Win32
		{1EFE39CF-22ED-41B3-B6E8-97B4CC78583A}.Release|x86.Build.0 = Release|Win32
		{582D90E7-A814-4E59-AF60-ABC8F210933C}.Debug|Any CPU.ActiveCfg = Debug|Win32
		{582D90E7-A814-4E59-AF60-ABC8F210933C}.Debug|x64.ActiveCfg = Debug|x64
		{582D90E7-A814-4E59-AF60-ABC8F210933C}.Debug|x64.Build.0 = Debug|x64
		{582D90E7-A814-4E59-AF60-ABC8F210933C}.Debug|x86.ActiveCfg = Debug|Win32
		{582D90E7-A814-4E59-AF60-ABC8F210933C}.Debug|x86.Build.0 = Debug|Win32
		{582D90E7-A814-4E59-AF60-ABC8F210933C}.Release|Any CPU.ActiveCfg = Release|Win32
		{582D90E7-A814-4E59-AF60-ABC8F210933C}.Release|x64.ActiveCfg = Release|x64
		{582D90E7-A814-4E59-AF60-ABC8F210933C}.Release|x64.Build.0 = Release|x64
		{582D90E7-A814-4E59-AF60-ABC8F210933C}.Release|x86.ActiveCfg = Release|Win32
		{582D90E7-A814-4E59-AF60-ABC8F210933C}.Release|x86.Build.0 = Release|Win32
	EndGlobalSection
	GlobalSection(SolutionProperties) = preSolution
		HideSolutionNode = FALSE
	EndGlobalSection
	GlobalSection(ExtensibilityGlobals) = postSolution
		SolutionGuid = {61AB3263-A230-4CE8-9077-710EF28753B4}
	EndGlobalSection
EndGlobal
